
Microsoft Visual Studio Solution File, Format Version 12.00
# Visual Studio Version 17
VisualStudioVersion = 17.0.32112.339
MinimumVisualStudioVersion = 10.0.40219.1
Project("{FAE04EC0-301F-11D3-BF4B-00C04F79EFBC}") = "3033_1_lc_0906_ClassComplexDataTypesFenixStrickland", "3033_1_lc_0906_ClassComplexDataTypesFenixStrickland\3033_1_lc_0906_ClassComplexDataTypesFenixStrickland.csproj", "{61A66967-1EBC-4416-A501-89BE7A1D8EAD}"
EndProject
Global
	GlobalSection(SolutionConfigurationPlatforms) = preSolution
		Debug|Any CPU = Debug|Any CPU
		Release|Any CPU = Release|Any CPU
	EndGlobalSection
	GlobalSection(ProjectConfigurationPlatforms) = postSolution
		{61A66967-1EBC-4416-A501-89BE7A1D8EAD}.Debug|Any CPU.ActiveCfg = Debug|Any CPU
		{61A66967-1EBC-4416-A501-89BE7A1D8EAD}.Debug|Any CPU.Build.0 = Debug|Any CPU
		{61A66967-1EBC-4416-A501-89BE7A1D8EAD}.Release|Any CPU.ActiveCfg = Release|Any CPU
		{61A66967-1EBC-4416-A501-89BE7A1D8EAD}.Release|Any CPU.Build.0 = Release|Any CPU
	EndGlobalSection
	GlobalSection(SolutionProperties) = preSolution
		HideSolutionNode = FALSE
	EndGlobalSection
	GlobalSection(ExtensibilityGlobals) = postSolution
		SolutionGuid = {588912D7-02D8-49E1-B843-AB7A2A8AFE75}
	EndGlobalSection
EndGlobal
